github.com/bmatcuk/doublestar v1.1.1 h1:YroD6BJCZBYx06yYFEWvUuKVWQn3vLLQAVmDmvTSaiQ=
github.com/bmatcuk/doublestar v1.1.1/go.mod h1:UD6OnuiIn0yFxxA2le/rnRU1G4RaI4UvFv1sNto9p6w=
github.com/davecgh/go-spew v1.1.0/go.mod h1:J7Y8YcW2NihsgmVo/mv3lAwl/skON4iLHjSsI+c5H38=
github.com/gobwas/glob v0.2.3 h1:A4xDbljILXROh+kObIiy5kIaPYD8e96x1tgBhUI5J+Y=
github.com/gobwas/glob v0.2.3/go.mod h1:d3Ez4x06l9bZtSvzIay5+Yzi0fmZzPgnTbPcKjJAkT8=
github.com/golang/protobuf v1.2.0/go.mod h1:6lQm79b+lXiMfvg/cZm0SGofjICqVBUtrP5yJMmIC1U=
github.com/lyraproj/data-protobuf v0.0.0-20181217135414-3d508204b820/go.mod h1:oQIFBu0fmkiSpSRROEgK5gnjQ/ZDrx3UdpRpT3791Gg=
github.com/lyraproj/issue v0.0.0-20181204205859-7ed1f9741f4a/go.mod h1:F3Zu9SjR6zROUIVdxgxuX0/Mi4npwgDRalQCNzCyzU0=
github.com/lyraproj/issue v0.0.0-20181208172701-8d203563a8dc/go.mod h1:F3Zu9SjR6zROUIVdxgxuX0/Mi4npwgDRalQCNzCyzU0=
github.com/lyraproj/issue v0.0.0-20190122215520-5efbea1d1edb h1:R3ukQUNWJTypfOAZwyJ5kcIyWjbm8KZnpxLaH29HWbw=
github.com/lyraproj/issue v0.0.0-20190122215520-5efbea1d1edb/go.mod h1:F3Zu9SjR6zROUIVdxgxuX0/Mi4npwgDRalQCNzCyzU0=
github.com/lyraproj/issue v0.0.0-20190213110846-64f0e861a560 h1:VVFwiMUrZe1a64kpEGzrPdeB6QzGEZTAVeo1OTOEWEk=
github.com/lyraproj/issue v0.0.0-20190213110846-64f0e861a560/go.mod h1:F3Zu9SjR6zROUIVdxgxuX0/Mi4npwgDRalQCNzCyzU0=
github.com/lyraproj/issue v0.0.0-20190319142512-87bdca048c6e h1:sUMHEmbU4Hwj1BXtYyU/VzFxgD3wv8KLMKfljGOP6RY=
github.com/lyraproj/issue v0.0.0-20190319145359-029b4266d45b h1:niKVq5VjkwpgwUqXmr7jL+WuoWXbqN2UvkM/grgj4gk=
github.com/lyraproj/issue v0.0.0-20190319145359-029b4266d45b/go.mod h1:F3Zu9SjR6zROUIVdxgxuX0/Mi4npwgDRalQCNzCyzU0=
github.com/lyraproj/pcore v0.0.0-20190121224504-9cbd778da25e h1:DZJzTl39sOcjV0F8cmjBXsDm1SpMgqr7VfunUm5yy9I=
github.com/lyraproj/pcore v0.0.0-20190121224504-9cbd778da25e/go.mod h1:zzujLCRGe29CXjx2PYphNjYQAnasgzsz+np2ww6d3Mo=
github.com/lyraproj/pcore v0.0.0-20190123101558-8fe6588e638e h1:CbcxIHAR4yFUUjcbpb5dJPXM1W+iWYKoD8/Qg4asasQ=
github.com/lyraproj/pcore v0.0.0-20190123101558-8fe6588e638e/go.mod h1:Z0RDGXCJwnba8AZttdopo2/JzUiGsN7CECdUqZPR3wU=
github.com/lyraproj/pcore v0.0.0-20190311223131-12c9f555a75d h1:fP2qWRLUlZQHHf6+cmD+V92k8Vs49ftjsrFgy0ixc40=
github.com/lyraproj/pcore v0.0.0-20190311223131-12c9f555a75d/go.mod h1:hKQkpsnpeamSKHIhhrKdhNAAViuZNfKYC3x0Drmra2w=
github.com/lyraproj/pcore v0.0.0-20190312090417-c3ed62d0aa05 h1:JNIo0lVg4D0H9A4F2dqHs7AfoRkBXqupEsCYeSp1kuQ=
github.com/lyraproj/pcore v0.0.0-20190312090417-c3ed62d0aa05/go.mod h1:hKQkpsnpeamSKHIhhrKdhNAAViuZNfKYC3x0Drmra2w=
github.com/lyraproj/pcore v0.0.0-20190313112821-30e7bb7af627 h1:BcQpv7SBmbdFgQUhESoRE+fTv5ZQ9MHaWSBIbdxuqXU=
github.com/lyraproj/pcore v0.0.0-20190313112821-30e7bb7af627/go.mod h1:hKQkpsnpeamSKHIhhrKdhNAAViuZNfKYC3x0Drmra2w=
github.com/lyraproj/pcore v0.0.0-20190319142435-27ce0d28a7c5 h1:XTHjvfLXrF73FG9nTiJC4ej/W0wk6ZCDpS8WMSXejdo=
github.com/lyraproj/pcore v0.0.0-20190319163905-c435c6e1b96e h1:W2omAJqkyi++wiadcWBNKTyBnlLJ8p2WXYFTMu5AsMo=
github.com/lyraproj/pcore v0.0.0-20190319163905-c435c6e1b96e/go.mod h1:zaYm7Mn2rIKNNpcMGy+QkWUqoTpGAQiAmVwJpJ4wYDc=
github.com/lyraproj/puppet-parser v0.0.0-20181212205830-31c3104fe78d h1:iDn6XlJAiA+BuwG6L8xsCapPpc7jz24SGj9z7NQA1sg=
github.com/lyraproj/puppet-parser v0.0.0-20181212205830-31c3104fe78d/go.mod h1:8va5g/XEw+jP9jnwEXPmanUy/hD9+6iggnaioihPLP0=
github.com/lyraproj/semver v0.0.0-20181213164306-02ecea2cd6a2 h1:vb4PbiMtIXdhsOUinkkcqZiASDIZzXRhSG4yvNfE0tg=
github.com/lyraproj/semver v0.0.0-20181213164306-02ecea2cd6a2/go.mod h1:KOdZKnEBdDb2iGPUnHiKpk3M5cvv949xMyj8XPqaMF0=
github.com/pmezard/go-difflib v1.0.0/go.mod h1:iKH77koFhYxTK1pcRnkKkqfTogsbg7gZNVY4sRDYZ/4=
github.com/stretchr/objx v0.1.0/go.mod h1:HFkY916IF+rwdDfMAkV7OtwuqBVzrE8GR6GFx+wExME=
github.com/stretchr/testify v1.3.0/go.mod h1:M5WIy9Dh21IEIfnGCwXGc5bZfKNJtfHm1UVUgZn+9EI=
golang.org/x/sync v0.0.0-20181221193216-37e7f081c4d4/go.mod h1:RxMgew5VJxzue5/jJTE5uejpjVlOe/izrB70Jof72aM=
golang.org/x/sync v0.0.0-20190227155943-e225da77a7e6/go.mod h1:RxMgew5VJxzue5/jJTE5uejpjVlOe/izrB70Jof72aM=
gopkg.in/check.v1 v0.0.0-20161208181325-20d25e280405/go.mod h1:Co6ibVJAznAaIkqp8huTwlJQCZ016jof/cbN4VW5Yz0=
gopkg.in/yaml.v2 v2.2.2 h1:ZCJp+EgiOT7lHqUV2J862kp8Qj64Jo6az82+3Td9dZw=
gopkg.in/yaml.v2 v2.2.2/go.mod h1:hI93XBmqTisBFMUTm0b8Fm+jr3Dg1NNxqwp+5A1VGuI=
