github.com/bmatcuk/doublestar v1.1.1 h1:YroD6BJCZBYx06yYFEWvUuKVWQn3vLLQAVmDmvTSaiQ=
github.com/bmatcuk/doublestar v1.1.1/go.mod h1:UD6OnuiIn0yFxxA2le/rnRU1G4RaI4UvFv1sNto9p6w=
github.com/gobwas/glob v0.2.3 h1:A4xDbljILXROh+kObIiy5kIaPYD8e96x1tgBhUI5J+Y=
github.com/gobwas/glob v0.2.3/go.mod h1:d3Ez4x06l9bZtSvzIay5+Yzi0fmZzPgnTbPcKjJAkT8=
github.com/golang/protobuf v1.2.0/go.mod h1:6lQm79b+lXiMfvg/cZm0SGofjICqVBUtrP5yJMmIC1U=
github.com/lyraproj/data-protobuf v0.0.0-20181217135414-3d508204b820/go.mod h1:oQIFBu0fmkiSpSRROEgK5gnjQ/ZDrx3UdpRpT3791Gg=
github.com/lyraproj/issue v0.0.0-20181204205859-7ed1f9741f4a/go.mod h1:F3Zu9SjR6zROUIVdxgxuX0/Mi4npwgDRalQCNzCyzU0=
github.com/lyraproj/issue v0.0.0-20181208172701-8d203563a8dc h1:OD9e7aHLSyJcrwG1R/8JsDVIWevC7aJH+Yd09q/8e2I=
github.com/lyraproj/issue v0.0.0-20181208172701-8d203563a8dc/go.mod h1:F3Zu9SjR6zROUIVdxgxuX0/Mi4npwgDRalQCNzCyzU0=
github.com/lyraproj/puppet-evaluator v0.0.0-20190121224504-9cbd778da25e h1:DZJzTl39sOcjV0F8cmjBXsDm1SpMgqr7VfunUm5yy9I=
github.com/lyraproj/puppet-evaluator v0.0.0-20190121224504-9cbd778da25e/go.mod h1:zzujLCRGe29CXjx2PYphNjYQAnasgzsz+np2ww6d3Mo=
github.com/lyraproj/puppet-parser v0.0.0-20181212205830-31c3104fe78d h1:iDn6XlJAiA+BuwG6L8xsCapPpc7jz24SGj9z7NQA1sg=
github.com/lyraproj/puppet-parser v0.0.0-20181212205830-31c3104fe78d/go.mod h1:8va5g/XEw+jP9jnwEXPmanUy/hD9+6iggnaioihPLP0=
github.com/lyraproj/semver v0.0.0-20181213164306-02ecea2cd6a2 h1:vb4PbiMtIXdhsOUinkkcqZiASDIZzXRhSG4yvNfE0tg=
github.com/lyraproj/semver v0.0.0-20181213164306-02ecea2cd6a2/go.mod h1:KOdZKnEBdDb2iGPUnHiKpk3M5cvv949xMyj8XPqaMF0=
gopkg.in/check.v1 v0.0.0-20161208181325-20d25e280405/go.mod h1:Co6ibVJAznAaIkqp8huTwlJQCZ016jof/cbN4VW5Yz0=
gopkg.in/yaml.v2 v2.2.2 h1:ZCJp+EgiOT7lHqUV2J862kp8Qj64Jo6az82+3Td9dZw=
gopkg.in/yaml.v2 v2.2.2/go.mod h1:hI93XBmqTisBFMUTm0b8Fm+jr3Dg1NNxqwp+5A1VGuI=
