github.com/bmatcuk/doublestar v1.1.1 h1:YroD6BJCZBYx06yYFEWvUuKVWQn3vLLQAVmDmvTSaiQ=
github.com/bmatcuk/doublestar v1.1.1/go.mod h1:UD6OnuiIn0yFxxA2le/rnRU1G4RaI4UvFv1sNto9p6w=
github.com/gobwas/glob v0.2.3 h1:A4xDbljILXROh+kObIiy5kIaPYD8e96x1tgBhUI5J+Y=
github.com/gobwas/glob v0.2.3/go.mod h1:d3Ez4x06l9bZtSvzIay5+Yzi0fmZzPgnTbPcKjJAkT8=
github.com/golang/protobuf v1.2.0/go.mod h1:6lQm79b+lXiMfvg/cZm0SGofjICqVBUtrP5yJMmIC1U=
github.com/puppetlabs/data-protobuf v0.0.0-20181112120528-77dff819c942/go.mod h1:sNvzkzCGeUn+Umk++a+iurKO3ez/Q4xZJ8S91N0/dK8=
github.com/puppetlabs/go-evaluator v0.0.0-20181127071051-36cb5b8c2e36 h1:6ohssWdSgzOuxzQtN3qsYRScnBrSLYtCUuHpJLuQbMI=
github.com/puppetlabs/go-evaluator v0.0.0-20181127071051-36cb5b8c2e36/go.mod h1:b/yhn2i6Zn1Qxur9RkJCzMyYtwlUmPNZKeJbEB8Kl6U=
github.com/puppetlabs/go-issues v0.0.0-20181112112915-c16bc8ecd50f h1:HKZK7Rk8LAmQqWagoWSBYvR8Oeu6mN7fTK1bMb24ZaE=
github.com/puppetlabs/go-issues v0.0.0-20181112112915-c16bc8ecd50f/go.mod h1:UNpBgsvFV8ZBoNkXo2YOrkWHA4sXoBmrDGw572x257U=
github.com/puppetlabs/go-parser v0.0.0-20181126141003-73360f01354f h1:i6eCFL9uUFXv4uhWHsRqONbm+9aYP0u0LsBzXBIs/y8=
github.com/puppetlabs/go-parser v0.0.0-20181126141003-73360f01354f/go.mod h1:mzl9cu/FM5LiQqN3fdTCKolOH4YT9bmv1y3TB4SFJj8=
github.com/puppetlabs/go-pspec v0.0.0-20181127071140-a3b9975a12de h1:mCUGj9fLMQDujdKinFXDOPqgbajOEMfV9x8Qx+LszwQ=
github.com/puppetlabs/go-pspec v0.0.0-20181127071140-a3b9975a12de/go.mod h1:xHbWwR5Lfl/8nIQzkiTHmoZOZK4t3KJLSqxGgm6Av3w=
github.com/puppetlabs/go-semver v0.0.0-20181112101422-34eb86658f1c h1:ZzqxVdjOl6/NZeKsgckQYO682n2xTj2JGnDr6kstlo4=
github.com/puppetlabs/go-semver v0.0.0-20181112101422-34eb86658f1c/go.mod h1:mHMsrjAtYQ5mBpZ5z4RMRRkVzErA4fnTdrV/QH8UPdQ=
gopkg.in/check.v1 v0.0.0-20161208181325-20d25e280405/go.mod h1:Co6ibVJAznAaIkqp8huTwlJQCZ016jof/cbN4VW5Yz0=
gopkg.in/yaml.v2 v2.2.1 h1:mUhvW9EsL+naU5Q3cakzfE91YhliOondGd6ZrsDBHQE=
gopkg.in/yaml.v2 v2.2.1/go.mod h1:hI93XBmqTisBFMUTm0b8Fm+jr3Dg1NNxqwp+5A1VGuI=
